
Microsoft Visual Studio Solution File, Format Version 12.00
# Visual Studio 15
VisualStudioVersion = 15.0.27004.2006
MinimumVisualStudioVersion = 10.0.40219.1
Project("{9A19103F-16F7-4668-BE54-9A1E7A4F7556}") = "InvestmentTracker.ApplicationService", "InvestmentTracker.ApplicationService\InvestmentTracker.ApplicationService.csproj", "{A7EA36B7-3427-4E48-AB37-4A238BE85F73}"
EndProject
Project("{9A19103F-16F7-4668-BE54-9A1E7A4F7556}") = "InvestmentTracker.Domain", "InvestmentTracker.Domain\InvestmentTracker.Domain.csproj", "{147D3489-55E3-4739-97FA-1E04D9F67065}"
EndProject
Project("{9A19103F-16F7-4668-BE54-9A1E7A4F7556}") = "InvestmentTracker.Persistence", "InvestmentTracker.Persistence\InvestmentTracker.Persistence.csproj", "{6079086E-2FDD-44DD-B8D0-B6C0FE8299AC}"
EndProject
Project("{FAE04EC0-301F-11D3-BF4B-00C04F79EFBC}") = "InvestmentTracker.Scraper", "InvestmentTracker.Scraper\InvestmentTracker.Scraper.csproj", "{29373782-5932-4223-9673-33597981EBC7}"
EndProject
Project("{FAE04EC0-301F-11D3-BF4B-00C04F79EFBC}") = "InvestmentTracker.Api", "InvestmentTracker.Api\InvestmentTracker.Api.csproj", "{E764F48C-1240-40A8-94A8-B27A68622C82}"
EndProject
Global
	GlobalSection(SolutionConfigurationPlatforms) = preSolution
		Debug|Any CPU = Debug|Any CPU
		Release|Any CPU = Release|Any CPU
	EndGlobalSection
	GlobalSection(ProjectConfigurationPlatforms) = postSolution
		{A7EA36B7-3427-4E48-AB37-4A238BE85F73}.Debug|Any CPU.ActiveCfg = Debug|Any CPU
		{A7EA36B7-3427-4E48-AB37-4A238BE85F73}.Debug|Any CPU.Build.0 = Debug|Any CPU
		{A7EA36B7-3427-4E48-AB37-4A238BE85F73}.Release|Any CPU.ActiveCfg = Release|Any CPU
		{A7EA36B7-3427-4E48-AB37-4A238BE85F73}.Release|Any CPU.Build.0 = Release|Any CPU
		{147D3489-55E3-4739-97FA-1E04D9F67065}.Debug|Any CPU.ActiveCfg = Debug|Any CPU
		{147D3489-55E3-4739-97FA-1E04D9F67065}.Debug|Any CPU.Build.0 = Debug|Any CPU
		{147D3489-55E3-4739-97FA-1E04D9F67065}.Release|Any CPU.ActiveCfg = Release|Any CPU
		{147D3489-55E3-4739-97FA-1E04D9F67065}.Release|Any CPU.Build.0 = Release|Any CPU
		{6079086E-2FDD-44DD-B8D0-B6C0FE8299AC}.Debug|Any CPU.ActiveCfg = Debug|Any CPU
		{6079086E-2FDD-44DD-B8D0-B6C0FE8299AC}.Debug|Any CPU.Build.0 = Debug|Any CPU
		{6079086E-2FDD-44DD-B8D0-B6C0FE8299AC}.Release|Any CPU.ActiveCfg = Release|Any CPU
		{6079086E-2FDD-44DD-B8D0-B6C0FE8299AC}.Release|Any CPU.Build.0 = Release|Any CPU
		{29373782-5932-4223-9673-33597981EBC7}.Debug|Any CPU.ActiveCfg = Debug|Any CPU
		{29373782-5932-4223-9673-33597981EBC7}.Debug|Any CPU.Build.0 = Debug|Any CPU
		{29373782-5932-4223-9673-33597981EBC7}.Release|Any CPU.ActiveCfg = Release|Any CPU
		{29373782-5932-4223-9673-33597981EBC7}.Release|Any CPU.Build.0 = Release|Any CPU
		{E764F48C-1240-40A8-94A8-B27A68622C82}.Debug|Any CPU.ActiveCfg = Debug|Any CPU
		{E764F48C-1240-40A8-94A8-B27A68622C82}.Debug|Any CPU.Build.0 = Debug|Any CPU
		{E764F48C-1240-40A8-94A8-B27A68622C82}.Release|Any CPU.ActiveCfg = Release|Any CPU
		{E764F48C-1240-40A8-94A8-B27A68622C82}.Release|Any CPU.Build.0 = Release|Any CPU
	EndGlobalSection
	GlobalSection(SolutionProperties) = preSolution
		HideSolutionNode = FALSE
	EndGlobalSection
	GlobalSection(ExtensibilityGlobals) = postSolution
		SolutionGuid = {7A1716C4-6D1F-4E8B-93B9-DEA751C4C8A2}
	EndGlobalSection
EndGlobal
