
Microsoft Visual Studio Solution File, Format Version 12.00
# Visual Studio 15
VisualStudioVersion = 15.0.27004.2006
MinimumVisualStudioVersion = 10.0.40219.1
Project("{9A19103F-16F7-4668-BE54-9A1E7A4F7556}") = "InvestmentTracker.Domain", "InvestmentTracker.Domain\InvestmentTracker.Domain.csproj", "{7182EAF3-BFE8-4F00-9EC2-9E936C687E74}"
EndProject
Project("{9A19103F-16F7-4668-BE54-9A1E7A4F7556}") = "InvestmentTracker.Api", "InvestmentTracker.Api\InvestmentTracker.Api.csproj", "{B8C32A8B-C309-4C03-937E-8714A1FEC860}"
EndProject
Project("{FAE04EC0-301F-11D3-BF4B-00C04F79EFBC}") = "InvestmentTracker.ApplicationService", "InvestmentTracker.ApplicationService\InvestmentTracker.ApplicationService.csproj", "{7400D4F1-279B-4A98-A5F2-842497618F61}"
EndProject
Project("{FAE04EC0-301F-11D3-BF4B-00C04F79EFBC}") = "InvestmentTracker.Persistence", "InvestmentTracker.Persistence\InvestmentTracker.Persistence.csproj", "{D06C1489-D9EE-4FD5-B997-238576299035}"
EndProject
Global
	GlobalSection(SolutionConfigurationPlatforms) = preSolution
		Debug|Any CPU = Debug|Any CPU
		Release|Any CPU = Release|Any CPU
	EndGlobalSection
	GlobalSection(ProjectConfigurationPlatforms) = postSolution
		{7182EAF3-BFE8-4F00-9EC2-9E936C687E74}.Debug|Any CPU.ActiveCfg = Debug|Any CPU
		{7182EAF3-BFE8-4F00-9EC2-9E936C687E74}.Debug|Any CPU.Build.0 = Debug|Any CPU
		{7182EAF3-BFE8-4F00-9EC2-9E936C687E74}.Release|Any CPU.ActiveCfg = Release|Any CPU
		{7182EAF3-BFE8-4F00-9EC2-9E936C687E74}.Release|Any CPU.Build.0 = Release|Any CPU
		{B8C32A8B-C309-4C03-937E-8714A1FEC860}.Debug|Any CPU.ActiveCfg = Debug|Any CPU
		{B8C32A8B-C309-4C03-937E-8714A1FEC860}.Debug|Any CPU.Build.0 = Debug|Any CPU
		{B8C32A8B-C309-4C03-937E-8714A1FEC860}.Release|Any CPU.ActiveCfg = Release|Any CPU
		{B8C32A8B-C309-4C03-937E-8714A1FEC860}.Release|Any CPU.Build.0 = Release|Any CPU
		{7400D4F1-279B-4A98-A5F2-842497618F61}.Debug|Any CPU.ActiveCfg = Debug|Any CPU
		{7400D4F1-279B-4A98-A5F2-842497618F61}.Debug|Any CPU.Build.0 = Debug|Any CPU
		{7400D4F1-279B-4A98-A5F2-842497618F61}.Release|Any CPU.ActiveCfg = Release|Any CPU
		{7400D4F1-279B-4A98-A5F2-842497618F61}.Release|Any CPU.Build.0 = Release|Any CPU
		{D06C1489-D9EE-4FD5-B997-238576299035}.Debug|Any CPU.ActiveCfg = Debug|Any CPU
		{D06C1489-D9EE-4FD5-B997-238576299035}.Debug|Any CPU.Build.0 = Debug|Any CPU
		{D06C1489-D9EE-4FD5-B997-238576299035}.Release|Any CPU.ActiveCfg = Release|Any CPU
		{D06C1489-D9EE-4FD5-B997-238576299035}.Release|Any CPU.Build.0 = Release|Any CPU
	EndGlobalSection
	GlobalSection(SolutionProperties) = preSolution
		HideSolutionNode = FALSE
	EndGlobalSection
	GlobalSection(ExtensibilityGlobals) = postSolution
		SolutionGuid = {7A1716C4-6D1F-4E8B-93B9-DEA751C4C8A2}
	EndGlobalSection
EndGlobal
